
Microsoft Visual Studio Solution File, Format Version 12.00
# Visual Studio Version 17
VisualStudioVersion = 17.1.32421.90
MinimumVisualStudioVersion = 10.0.40219.1
Project("{FAE04EC0-301F-11D3-BF4B-00C04F79EFBC}") = "WPF-Laboratorium-8", "WPF-Laboratorium-8.csproj", "{4EFBFD1D-3740-4C9C-8D37-E46860A8786F}"
EndProject
Global
	GlobalSection(SolutionConfigurationPlatforms) = preSolution
		Debug|Any CPU = Debug|Any CPU
		Release|Any CPU = Release|Any CPU
	EndGlobalSection
	GlobalSection(ProjectConfigurationPlatforms) = postSolution
		{4EFBFD1D-3740-4C9C-8D37-E46860A8786F}.Debug|Any CPU.ActiveCfg = Debug|Any CPU
		{4EFBFD1D-3740-4C9C-8D37-E46860A8786F}.Debug|Any CPU.Build.0 = Debug|Any CPU
		{4EFBFD1D-3740-4C9C-8D37-E46860A8786F}.Release|Any CPU.ActiveCfg = Release|Any CPU
		{4EFBFD1D-3740-4C9C-8D37-E46860A8786F}.Release|Any CPU.Build.0 = Release|Any CPU
	EndGlobalSection
	GlobalSection(SolutionProperties) = preSolution
		HideSolutionNode = FALSE
	EndGlobalSection
	GlobalSection(ExtensibilityGlobals) = postSolution
		SolutionGuid = {61D2AF64-8D35-4105-B199-5E13E9D141B6}
	EndGlobalSection
EndGlobal
